
Microsoft Visual Studio Solution File, Format Version 12.00
# Visual Studio 15
VisualStudioVersion = 15.0.28307.421
MinimumVisualStudioVersion = 10.0.40219.1
Project("{FAE04EC0-301F-11D3-BF4B-00C04F79EFBC}") = "Edabit Answer - Is the String Empty", "Edabit Answer - Is the String Empty\Edabit Answer - Is the String Empty.csproj", "{4EC2BB38-CEEE-49AC-BDCC-019FB0D1483F}"
EndProject
Global
	GlobalSection(SolutionConfigurationPlatforms) = preSolution
		Debug|Any CPU = Debug|Any CPU
		Release|Any CPU = Release|Any CPU
	EndGlobalSection
	GlobalSection(ProjectConfigurationPlatforms) = postSolution
		{4EC2BB38-CEEE-49AC-BDCC-019FB0D1483F}.Debug|Any CPU.ActiveCfg = Debug|Any CPU
		{4EC2BB38-CEEE-49AC-BDCC-019FB0D1483F}.Debug|Any CPU.Build.0 = Debug|Any CPU
		{4EC2BB38-CEEE-49AC-BDCC-019FB0D1483F}.Release|Any CPU.ActiveCfg = Release|Any CPU
		{4EC2BB38-CEEE-49AC-BDCC-019FB0D1483F}.Release|Any CPU.Build.0 = Release|Any CPU
	EndGlobalSection
	GlobalSection(SolutionProperties) = preSolution
		HideSolutionNode = FALSE
	EndGlobalSection
	GlobalSection(ExtensibilityGlobals) = postSolution
		SolutionGuid = {6EBA156E-23DE-4124-B2A1-D74EF6C19044}
	EndGlobalSection
EndGlobal
