
Microsoft Visual Studio Solution File, Format Version 12.00
# Visual Studio 15
VisualStudioVersion = 15.0.28307.421
MinimumVisualStudioVersion = 10.0.40219.1
Project("{FAE04EC0-301F-11D3-BF4B-00C04F79EFBC}") = "Edabit Answer - Profitable Gamble", "Edabit Answer - Profitable Gamble\Edabit Answer - Profitable Gamble.csproj", "{ACFB8A26-831B-4EB0-9847-AF1EEED9E060}"
EndProject
Global
	GlobalSection(SolutionConfigurationPlatforms) = preSolution
		Debug|Any CPU = Debug|Any CPU
		Release|Any CPU = Release|Any CPU
	EndGlobalSection
	GlobalSection(ProjectConfigurationPlatforms) = postSolution
		{ACFB8A26-831B-4EB0-9847-AF1EEED9E060}.Debug|Any CPU.ActiveCfg = Debug|Any CPU
		{ACFB8A26-831B-4EB0-9847-AF1EEED9E060}.Debug|Any CPU.Build.0 = Debug|Any CPU
		{ACFB8A26-831B-4EB0-9847-AF1EEED9E060}.Release|Any CPU.ActiveCfg = Release|Any CPU
		{ACFB8A26-831B-4EB0-9847-AF1EEED9E060}.Release|Any CPU.Build.0 = Release|Any CPU
	EndGlobalSection
	GlobalSection(SolutionProperties) = preSolution
		HideSolutionNode = FALSE
	EndGlobalSection
	GlobalSection(ExtensibilityGlobals) = postSolution
		SolutionGuid = {662D2A15-1718-4B54-9663-3AF0E2A7A8C9}
	EndGlobalSection
EndGlobal
