
Microsoft Visual Studio Solution File, Format Version 12.00
# Visual Studio 15
VisualStudioVersion = 15.0.28307.421
MinimumVisualStudioVersion = 10.0.40219.1
Project("{FAE04EC0-301F-11D3-BF4B-00C04F79EFBC}") = "Edabit Answer - Find the Index", "Edabit Answer - Find the Index\Edabit Answer - Find the Index.csproj", "{DE720F80-AC52-4B66-9F00-0D3FA70D7F72}"
EndProject
Global
	GlobalSection(SolutionConfigurationPlatforms) = preSolution
		Debug|Any CPU = Debug|Any CPU
		Release|Any CPU = Release|Any CPU
	EndGlobalSection
	GlobalSection(ProjectConfigurationPlatforms) = postSolution
		{DE720F80-AC52-4B66-9F00-0D3FA70D7F72}.Debug|Any CPU.ActiveCfg = Debug|Any CPU
		{DE720F80-AC52-4B66-9F00-0D3FA70D7F72}.Debug|Any CPU.Build.0 = Debug|Any CPU
		{DE720F80-AC52-4B66-9F00-0D3FA70D7F72}.Release|Any CPU.ActiveCfg = Release|Any CPU
		{DE720F80-AC52-4B66-9F00-0D3FA70D7F72}.Release|Any CPU.Build.0 = Release|Any CPU
	EndGlobalSection
	GlobalSection(SolutionProperties) = preSolution
		HideSolutionNode = FALSE
	EndGlobalSection
	GlobalSection(ExtensibilityGlobals) = postSolution
		SolutionGuid = {0982C09B-610C-46B7-A7C6-2ABEF598C18E}
	EndGlobalSection
EndGlobal
