
Microsoft Visual Studio Solution File, Format Version 12.00
# Visual Studio 15
VisualStudioVersion = 15.0.28307.421
MinimumVisualStudioVersion = 10.0.40219.1
Project("{FAE04EC0-301F-11D3-BF4B-00C04F79EFBC}") = "Edabit Answer - Return Remainder", "Edabit Answer - Return Remainder\Edabit Answer - Return Remainder.csproj", "{E4DDFECB-0E52-4427-B7CC-6F50175C9192}"
EndProject
Global
	GlobalSection(SolutionConfigurationPlatforms) = preSolution
		Debug|Any CPU = Debug|Any CPU
		Release|Any CPU = Release|Any CPU
	EndGlobalSection
	GlobalSection(ProjectConfigurationPlatforms) = postSolution
		{E4DDFECB-0E52-4427-B7CC-6F50175C9192}.Debug|Any CPU.ActiveCfg = Debug|Any CPU
		{E4DDFECB-0E52-4427-B7CC-6F50175C9192}.Debug|Any CPU.Build.0 = Debug|Any CPU
		{E4DDFECB-0E52-4427-B7CC-6F50175C9192}.Release|Any CPU.ActiveCfg = Release|Any CPU
		{E4DDFECB-0E52-4427-B7CC-6F50175C9192}.Release|Any CPU.Build.0 = Release|Any CPU
	EndGlobalSection
	GlobalSection(SolutionProperties) = preSolution
		HideSolutionNode = FALSE
	EndGlobalSection
	GlobalSection(ExtensibilityGlobals) = postSolution
		SolutionGuid = {CCD02A36-B29B-40FB-A4ED-314F8903B25F}
	EndGlobalSection
EndGlobal
